{
  "name": "project21",
  "version": "1.0.0",
  "lockfileVersion": 1,
  "requires": true,
  "dependencies": {
    "blynk-library": {
      "version": "0.5.4",
      "resolved": "https://registry.npmjs.org/blynk-library/-/blynk-library-0.5.4.tgz",
      "integrity": "sha512-iha3Fb1ShUOj5ozXzDLZCroi6eWuiOojgylHCdtCxYKBmH5jK0SJa1+Ot6SVpSSvTljRrzt7sysG4e0w/Rftkw=="
    }
  }
}
